
Microsoft Visual Studio Solution File, Format Version 12.00
# Visual Studio Version 17
VisualStudioVersion = 17.7.34024.191
MinimumVisualStudioVersion = 10.0.40219.1
Project("{FAE04EC0-301F-11D3-BF4B-00C04F79EFBC}") = "BelajarWindowsForm", "BelajarWindowsForm\BelajarWindowsForm.csproj", "{F7C3FC06-1052-4918-8064-EB20EC4422F7}"
EndProject
Global
	GlobalSection(SolutionConfigurationPlatforms) = preSolution
		Debug|Any CPU = Debug|Any CPU
		Release|Any CPU = Release|Any CPU
	EndGlobalSection
	GlobalSection(ProjectConfigurationPlatforms) = postSolution
		{F7C3FC06-1052-4918-8064-EB20EC4422F7}.Debug|Any CPU.ActiveCfg = Debug|Any CPU
		{F7C3FC06-1052-4918-8064-EB20EC4422F7}.Debug|Any CPU.Build.0 = Debug|Any CPU
		{F7C3FC06-1052-4918-8064-EB20EC4422F7}.Release|Any CPU.ActiveCfg = Release|Any CPU
		{F7C3FC06-1052-4918-8064-EB20EC4422F7}.Release|Any CPU.Build.0 = Release|Any CPU
	EndGlobalSection
	GlobalSection(SolutionProperties) = preSolution
		HideSolutionNode = FALSE
	EndGlobalSection
	GlobalSection(ExtensibilityGlobals) = postSolution
		SolutionGuid = {9E5719C1-85D1-41D7-8C50-B12745AA7EEA}
	EndGlobalSection
EndGlobal
